
Microsoft Visual Studio Solution File, Format Version 12.00
# Visual Studio 15
VisualStudioVersion = 15.0.27004.2002
MinimumVisualStudioVersion = 10.0.40219.1
Project("{FAE04EC0-301F-11D3-BF4B-00C04F79EFBC}") = "gpsWithMaps.Android", "gpsWithMaps\gpsWithMaps.Android\gpsWithMaps.Android.csproj", "{C43DEF7D-573B-481C-A261-04A2ABA25CDC}"
EndProject
Project("{FAE04EC0-301F-11D3-BF4B-00C04F79EFBC}") = "gpsWithMaps", "gpsWithMaps\gpsWithMaps\gpsWithMaps.csproj", "{31510337-99EF-41B8-A1BC-84EF17956DED}"
EndProject
Project("{FAE04EC0-301F-11D3-BF4B-00C04F79EFBC}") = "gpsWithMaps.iOS", "gpsWithMaps\gpsWithMaps.iOS\gpsWithMaps.iOS.csproj", "{C12E0753-C648-4C40-A0CC-99E62F8A256F}"
EndProject
Global
	GlobalSection(SolutionConfigurationPlatforms) = preSolution
		Ad-Hoc|Any CPU = Ad-Hoc|Any CPU
		Ad-Hoc|ARM = Ad-Hoc|ARM
		Ad-Hoc|iPhone = Ad-Hoc|iPhone
		Ad-Hoc|iPhoneSimulator = Ad-Hoc|iPhoneSimulator
		Ad-Hoc|x64 = Ad-Hoc|x64
		Ad-Hoc|x86 = Ad-Hoc|x86
		AppStore|Any CPU = AppStore|Any CPU
		AppStore|ARM = AppStore|ARM
		AppStore|iPhone = AppStore|iPhone
		AppStore|iPhoneSimulator = AppStore|iPhoneSimulator
		AppStore|x64 = AppStore|x64
		AppStore|x86 = AppStore|x86
		Debug|Any CPU = Debug|Any CPU
		Debug|ARM = Debug|ARM
		Debug|iPhone = Debug|iPhone
		Debug|iPhoneSimulator = Debug|iPhoneSimulator
		Debug|x64 = Debug|x64
		Debug|x86 = Debug|x86
		Release|Any CPU = Release|Any CPU
		Release|ARM = Release|ARM
		Release|iPhone = Release|iPhone
		Release|iPhoneSimulator = Release|iPhoneSimulator
		Release|x64 = Release|x64
		Release|x86 = Release|x86
	EndGlobalSection
	GlobalSection(ProjectConfigurationPlatforms) = postSolution
		{C43DEF7D-573B-481C-A261-04A2ABA25CDC}.Ad-Hoc|Any CPU.ActiveCfg = Release|Any CPU
		{C43DEF7D-573B-481C-A261-04A2ABA25CDC}.Ad-Hoc|Any CPU.Build.0 = Release|Any CPU
		{C43DEF7D-573B-481C-A261-04A2ABA25CDC}.Ad-Hoc|Any CPU.Deploy.0 = Release|Any CPU
		{C43DEF7D-573B-481C-A261-04A2ABA25CDC}.Ad-Hoc|ARM.ActiveCfg = Release|Any CPU
		{C43DEF7D-573B-481C-A261-04A2ABA25CDC}.Ad-Hoc|ARM.Build.0 = Release|Any CPU
		{C43DEF7D-573B-481C-A261-04A2ABA25CDC}.Ad-Hoc|ARM.Deploy.0 = Release|Any CPU
		{C43DEF7D-573B-481C-A261-04A2ABA25CDC}.Ad-Hoc|iPhone.ActiveCfg = Release|Any CPU
		{C43DEF7D-573B-481C-A261-04A2ABA25CDC}.Ad-Hoc|iPhone.Build.0 = Release|Any CPU
		{C43DEF7D-573B-481C-A261-04A2ABA25CDC}.Ad-Hoc|iPhone.Deploy.0 = Release|Any CPU
		{C43DEF7D-573B-481C-A261-04A2ABA25CDC}.Ad-Hoc|iPhoneSimulator.ActiveCfg = Release|Any CPU
		{C43DEF7D-573B-481C-A261-04A2ABA25CDC}.Ad-Hoc|iPhoneSimulator.Build.0 = Release|Any CPU
		{C43DEF7D-573B-481C-A261-04A2ABA25CDC}.Ad-Hoc|iPhoneSimulator.Deploy.0 = Release|Any CPU
		{C43DEF7D-573B-481C-A261-04A2ABA25CDC}.Ad-Hoc|x64.ActiveCfg = Release|Any CPU
		{C43DEF7D-573B-481C-A261-04A2ABA25CDC}.Ad-Hoc|x64.Build.0 = Release|Any CPU
		{C43DEF7D-573B-481C-A261-04A2ABA25CDC}.Ad-Hoc|x64.Deploy.0 = Release|Any CPU
		{C43DEF7D-573B-481C-A261-04A2ABA25CDC}.Ad-Hoc|x86.ActiveCfg = Release|Any CPU
		{C43DEF7D-573B-481C-A261-04A2ABA25CDC}.Ad-Hoc|x86.Build.0 = Release|Any CPU
		{C43DEF7D-573B-481C-A261-04A2ABA25CDC}.Ad-Hoc|x86.Deploy.0 = Release|Any CPU
		{C43DEF7D-573B-481C-A261-04A2ABA25CDC}.AppStore|Any CPU.ActiveCfg = Release|Any CPU
		{C43DEF7D-573B-481C-A261-04A2ABA25CDC}.AppStore|Any CPU.Build.0 = Release|Any CPU
		{C43DEF7D-573B-481C-A261-04A2ABA25CDC}.AppStore|Any CPU.Deploy.0 = Release|Any CPU
		{C43DEF7D-573B-481C-A261-04A2ABA25CDC}.AppStore|ARM.ActiveCfg = Release|Any CPU
		{C43DEF7D-573B-481C-A261-04A2ABA25CDC}.AppStore|ARM.Build.0 = Release|Any CPU
		{C43DEF7D-573B-481C-A261-04A2ABA25CDC}.AppStore|ARM.Deploy.0 = Release|Any CPU
		{C43DEF7D-573B-481C-A261-04A2ABA25CDC}.AppStore|iPhone.ActiveCfg = Release|Any CPU
		{C43DEF7D-573B-481C-A261-04A2ABA25CDC}.AppStore|iPhone.Build.0 = Release|Any CPU
		{C43DEF7D-573B-481C-A261-04A2ABA25CDC}.AppStore|iPhone.Deploy.0 = Release|Any CPU
		{C43DEF7D-573B-481C-A261-04A2ABA25CDC}.AppStore|iPhoneSimulator.ActiveCfg = Release|Any CPU
		{C43DEF7D-573B-481C-A261-04A2ABA25CDC}.AppStore|iPhoneSimulator.Build.0 = Release|Any CPU
		{C43DEF7D-573B-481C-A261-04A2ABA25CDC}.AppStore|iPhoneSimulator.Deploy.0 = Release|Any CPU
		{C43DEF7D-573B-481C-A261-04A2ABA25CDC}.AppStore|x64.ActiveCfg = Release|Any CPU
		{C43DEF7D-573B-481C-A261-04A2ABA25CDC}.AppStore|x64.Build.0 = Release|Any CPU
		{C43DEF7D-573B-481C-A261-04A2ABA25CDC}.AppStore|x64.Deploy.0 = Release|Any CPU
		{C43DEF7D-573B-481C-A261-04A2ABA25CDC}.AppStore|x86.ActiveCfg = Release|Any CPU
		{C43DEF7D-573B-481C-A261-04A2ABA25CDC}.AppStore|x86.Build.0 = Release|Any CPU
		{C43DEF7D-573B-481C-A261-04A2ABA25CDC}.AppStore|x86.Deploy.0 = Release|Any CPU
		{C43DEF7D-573B-481C-A261-04A2ABA25CDC}.Debug|Any CPU.ActiveCfg = Debug|Any CPU
		{C43DEF7D-573B-481C-A261-04A2ABA25CDC}.Debug|Any CPU.Build.0 = Debug|Any CPU
		{C43DEF7D-573B-481C-A261-04A2ABA25CDC}.Debug|Any CPU.Deploy.0 = Debug|Any CPU
		{C43DEF7D-573B-481C-A261-04A2ABA25CDC}.Debug|ARM.ActiveCfg = Debug|Any CPU
		{C43DEF7D-573B-481C-A261-04A2ABA25CDC}.Debug|ARM.Build.0 = Debug|Any CPU
		{C43DEF7D-573B-481C-A261-04A2ABA25CDC}.Debug|ARM.Deploy.0 = Debug|Any CPU
		{C43DEF7D-573B-481C-A261-04A2ABA25CDC}.Debug|iPhone.ActiveCfg = Debug|Any CPU
		{C43DEF7D-573B-481C-A261-04A2ABA25CDC}.Debug|iPhone.Build.0 = Debug|Any CPU
		{C43DEF7D-573B-481C-A261-04A2ABA25CDC}.Debug|iPhone.Deploy.0 = Debug|Any CPU
		{C43DEF7D-573B-481C-A261-04A2ABA25CDC}.Debug|iPhoneSimulator.ActiveCfg = Debug|Any CPU
		{C43DEF7D-573B-481C-A261-04A2ABA25CDC}.Debug|iPhoneSimulator.Build.0 = Debug|Any CPU
		{C43DEF7D-573B-481C-A261-04A2ABA25CDC}.Debug|iPhoneSimulator.Deploy.0 = Debug|Any CPU
		{C43DEF7D-573B-481C-A261-04A2ABA25CDC}.Debug|x64.ActiveCfg = Debug|Any CPU
		{C43DEF7D-573B-481C-A261-04A2ABA25CDC}.Debug|x64.Build.0 = Debug|Any CPU
		{C43DEF7D-573B-481C-A261-04A2ABA25CDC}.Debug|x64.Deploy.0 = Debug|Any CPU
		{C43DEF7D-573B-481C-A261-04A2ABA25CDC}.Debug|x86.ActiveCfg = Debug|Any CPU
		{C43DEF7D-573B-481C-A261-04A2ABA25CDC}.Debug|x86.Build.0 = Debug|Any CPU
		{C43DEF7D-573B-481C-A261-04A2ABA25CDC}.Debug|x86.Deploy.0 = Debug|Any CPU
		{C43DEF7D-573B-481C-A261-04A2ABA25CDC}.Release|Any CPU.ActiveCfg = Release|Any CPU
		{C43DEF7D-573B-481C-A261-04A2ABA25CDC}.Release|Any CPU.Build.0 = Release|Any CPU
		{C43DEF7D-573B-481C-A261-04A2ABA25CDC}.Release|Any CPU.Deploy.0 = Release|Any CPU
		{C43DEF7D-573B-481C-A261-04A2ABA25CDC}.Release|ARM.ActiveCfg = Release|Any CPU
		{C43DEF7D-573B-481C-A261-04A2ABA25CDC}.Release|ARM.Build.0 = Release|Any CPU
		{C43DEF7D-573B-481C-A261-04A2ABA25CDC}.Release|ARM.Deploy.0 = Release|Any CPU
		{C43DEF7D-573B-481C-A261-04A2ABA25CDC}.Release|iPhone.ActiveCfg = Release|Any CPU
		{C43DEF7D-573B-481C-A261-04A2ABA25CDC}.Release|iPhone.Build.0 = Release|Any CPU
		{C43DEF7D-573B-481C-A261-04A2ABA25CDC}.Release|iPhone.Deploy.0 = Release|Any CPU
		{C43DEF7D-573B-481C-A261-04A2ABA25CDC}.Release|iPhoneSimulator.ActiveCfg = Release|Any CPU
		{C43DEF7D-573B-481C-A261-04A2ABA25CDC}.Release|iPhoneSimulator.Build.0 = Release|Any CPU
		{C43DEF7D-573B-481C-A261-04A2ABA25CDC}.Release|iPhoneSimulator.Deploy.0 = Release|Any CPU
		{C43DEF7D-573B-481C-A261-04A2ABA25CDC}.Release|x64.ActiveCfg = Release|Any CPU
		{C43DEF7D-573B-481C-A261-04A2ABA25CDC}.Release|x64.Build.0 = Release|Any CPU
		{C43DEF7D-573B-481C-A261-04A2ABA25CDC}.Release|x64.Deploy.0 = Release|Any CPU
		{C43DEF7D-573B-481C-A261-04A2ABA25CDC}.Release|x86.ActiveCfg = Release|Any CPU
		{C43DEF7D-573B-481C-A261-04A2ABA25CDC}.Release|x86.Build.0 = Release|Any CPU
		{C43DEF7D-573B-481C-A261-04A2ABA25CDC}.Release|x86.Deploy.0 = Release|Any CPU
		{31510337-99EF-41B8-A1BC-84EF17956DED}.Ad-Hoc|Any CPU.ActiveCfg = Release|Any CPU
		{31510337-99EF-41B8-A1BC-84EF17956DED}.Ad-Hoc|Any CPU.Build.0 = Release|Any CPU
		{31510337-99EF-41B8-A1BC-84EF17956DED}.Ad-Hoc|ARM.ActiveCfg = Release|Any CPU
		{31510337-99EF-41B8-A1BC-84EF17956DED}.Ad-Hoc|ARM.Build.0 = Release|Any CPU
		{31510337-99EF-41B8-A1BC-84EF17956DED}.Ad-Hoc|iPhone.ActiveCfg = Release|Any CPU
		{31510337-99EF-41B8-A1BC-84EF17956DED}.Ad-Hoc|iPhone.Build.0 = Release|Any CPU
		{31510337-99EF-41B8-A1BC-84EF17956DED}.Ad-Hoc|iPhoneSimulator.ActiveCfg = Release|Any CPU
		{31510337-99EF-41B8-A1BC-84EF17956DED}.Ad-Hoc|iPhoneSimulator.Build.0 = Release|Any CPU
		{31510337-99EF-41B8-A1BC-84EF17956DED}.Ad-Hoc|x64.ActiveCfg = Release|Any CPU
		{31510337-99EF-41B8-A1BC-84EF17956DED}.Ad-Hoc|x64.Build.0 = Release|Any CPU
		{31510337-99EF-41B8-A1BC-84EF17956DED}.Ad-Hoc|x86.ActiveCfg = Release|Any CPU
		{31510337-99EF-41B8-A1BC-84EF17956DED}.Ad-Hoc|x86.Build.0 = Release|Any CPU
		{31510337-99EF-41B8-A1BC-84EF17956DED}.AppStore|Any CPU.ActiveCfg = Release|Any CPU
		{31510337-99EF-41B8-A1BC-84EF17956DED}.AppStore|Any CPU.Build.0 = Release|Any CPU
		{31510337-99EF-41B8-A1BC-84EF17956DED}.AppStore|ARM.ActiveCfg = Release|Any CPU
		{31510337-99EF-41B8-A1BC-84EF17956DED}.AppStore|ARM.Build.0 = Release|Any CPU
		{31510337-99EF-41B8-A1BC-84EF17956DED}.AppStore|iPhone.ActiveCfg = Release|Any CPU
		{31510337-99EF-41B8-A1BC-84EF17956DED}.AppStore|iPhone.Build.0 = Release|Any CPU
		{31510337-99EF-41B8-A1BC-84EF17956DED}.AppStore|iPhoneSimulator.ActiveCfg = Release|Any CPU
		{31510337-99EF-41B8-A1BC-84EF17956DED}.AppStore|iPhoneSimulator.Build.0 = Release|Any CPU
		{31510337-99EF-41B8-A1BC-84EF17956DED}.AppStore|x64.ActiveCfg = Release|Any CPU
		{31510337-99EF-41B8-A1BC-84EF17956DED}.AppStore|x64.Build.0 = Release|Any CPU
		{31510337-99EF-41B8-A1BC-84EF17956DED}.AppStore|x86.ActiveCfg = Release|Any CPU
		{31510337-99EF-41B8-A1BC-84EF17956DED}.AppStore|x86.Build.0 = Release|Any CPU
		{31510337-99EF-41B8-A1BC-84EF17956DED}.Debug|Any CPU.ActiveCfg = Debug|Any CPU
		{31510337-99EF-41B8-A1BC-84EF17956DED}.Debug|Any CPU.Build.0 = Debug|Any CPU
		{31510337-99EF-41B8-A1BC-84EF17956DED}.Debug|ARM.ActiveCfg = Debug|Any CPU
		{31510337-99EF-41B8-A1BC-84EF17956DED}.Debug|ARM.Build.0 = Debug|Any CPU
		{31510337-99EF-41B8-A1BC-84EF17956DED}.Debug|iPhone.ActiveCfg = Debug|Any CPU
		{31510337-99EF-41B8-A1BC-84EF17956DED}.Debug|iPhone.Build.0 = Debug|Any CPU
		{31510337-99EF-41B8-A1BC-84EF17956DED}.Debug|iPhoneSimulator.ActiveCfg = Debug|Any CPU
		{31510337-99EF-41B8-A1BC-84EF17956DED}.Debug|iPhoneSimulator.Build.0 = Debug|Any CPU
		{31510337-99EF-41B8-A1BC-84EF17956DED}.Debug|x64.ActiveCfg = Debug|Any CPU
		{31510337-99EF-41B8-A1BC-84EF17956DED}.Debug|x64.Build.0 = Debug|Any CPU
		{31510337-99EF-41B8-A1BC-84EF17956DED}.Debug|x86.ActiveCfg = Debug|Any CPU
		{31510337-99EF-41B8-A1BC-84EF17956DED}.Debug|x86.Build.0 = Debug|Any CPU
		{31510337-99EF-41B8-A1BC-84EF17956DED}.Release|Any CPU.ActiveCfg = Release|Any CPU
		{31510337-99EF-41B8-A1BC-84EF17956DED}.Release|Any CPU.Build.0 = Release|Any CPU
		{31510337-99EF-41B8-A1BC-84EF17956DED}.Release|ARM.ActiveCfg = Release|Any CPU
		{31510337-99EF-41B8-A1BC-84EF17956DED}.Release|ARM.Build.0 = Release|Any CPU
		{31510337-99EF-41B8-A1BC-84EF17956DED}.Release|iPhone.ActiveCfg = Release|Any CPU
		{31510337-99EF-41B8-A1BC-84EF17956DED}.Release|iPhone.Build.0 = Release|Any CPU
		{31510337-99EF-41B8-A1BC-84EF17956DED}.Release|iPhoneSimulator.ActiveCfg = Release|Any CPU
		{31510337-99EF-41B8-A1BC-84EF17956DED}.Release|iPhoneSimulator.Build.0 = Release|Any CPU
		{31510337-99EF-41B8-A1BC-84EF17956DED}.Release|x64.ActiveCfg = Release|Any CPU
		{31510337-99EF-41B8-A1BC-84EF17956DED}.Release|x64.Build.0 = Release|Any CPU
		{31510337-99EF-41B8-A1BC-84EF17956DED}.Release|x86.ActiveCfg = Release|Any CPU
		{31510337-99EF-41B8-A1BC-84EF17956DED}.Release|x86.Build.0 = Release|Any CPU
		{C12E0753-C648-4C40-A0CC-99E62F8A256F}.Ad-Hoc|Any CPU.ActiveCfg = Ad-Hoc|iPhoneSimulator
		{C12E0753-C648-4C40-A0CC-99E62F8A256F}.Ad-Hoc|ARM.ActiveCfg = Ad-Hoc|iPhone
		{C12E0753-C648-4C40-A0CC-99E62F8A256F}.Ad-Hoc|iPhone.ActiveCfg = Ad-Hoc|iPhone
		{C12E0753-C648-4C40-A0CC-99E62F8A256F}.Ad-Hoc|iPhone.Build.0 = Ad-Hoc|iPhone
		{C12E0753-C648-4C40-A0CC-99E62F8A256F}.Ad-Hoc|iPhoneSimulator.ActiveCfg = Ad-Hoc|iPhoneSimulator
		{C12E0753-C648-4C40-A0CC-99E62F8A256F}.Ad-Hoc|iPhoneSimulator.Build.0 = Ad-Hoc|iPhoneSimulator
		{C12E0753-C648-4C40-A0CC-99E62F8A256F}.Ad-Hoc|x64.ActiveCfg = Ad-Hoc|iPhone
		{C12E0753-C648-4C40-A0CC-99E62F8A256F}.Ad-Hoc|x86.ActiveCfg = Ad-Hoc|iPhone
		{C12E0753-C648-4C40-A0CC-99E62F8A256F}.AppStore|Any CPU.ActiveCfg = AppStore|iPhoneSimulator
		{C12E0753-C648-4C40-A0CC-99E62F8A256F}.AppStore|ARM.ActiveCfg = AppStore|iPhone
		{C12E0753-C648-4C40-A0CC-99E62F8A256F}.AppStore|iPhone.ActiveCfg = AppStore|iPhone
		{C12E0753-C648-4C40-A0CC-99E62F8A256F}.AppStore|iPhone.Build.0 = AppStore|iPhone
		{C12E0753-C648-4C40-A0CC-99E62F8A256F}.AppStore|iPhoneSimulator.ActiveCfg = AppStore|iPhoneSimulator
		{C12E0753-C648-4C40-A0CC-99E62F8A256F}.AppStore|iPhoneSimulator.Build.0 = AppStore|iPhoneSimulator
		{C12E0753-C648-4C40-A0CC-99E62F8A256F}.AppStore|x64.ActiveCfg = AppStore|iPhone
		{C12E0753-C648-4C40-A0CC-99E62F8A256F}.AppStore|x86.ActiveCfg = AppStore|iPhone
		{C12E0753-C648-4C40-A0CC-99E62F8A256F}.Debug|Any CPU.ActiveCfg = Debug|iPhoneSimulator
		{C12E0753-C648-4C40-A0CC-99E62F8A256F}.Debug|ARM.ActiveCfg = Debug|iPhone
		{C12E0753-C648-4C40-A0CC-99E62F8A256F}.Debug|iPhone.ActiveCfg = Debug|iPhone
		{C12E0753-C648-4C40-A0CC-99E62F8A256F}.Debug|iPhone.Build.0 = Debug|iPhone
		{C12E0753-C648-4C40-A0CC-99E62F8A256F}.Debug|iPhoneSimulator.ActiveCfg = Debug|iPhoneSimulator
		{C12E0753-C648-4C40-A0CC-99E62F8A256F}.Debug|iPhoneSimulator.Build.0 = Debug|iPhoneSimulator
		{C12E0753-C648-4C40-A0CC-99E62F8A256F}.Debug|x64.ActiveCfg = Debug|iPhone
		{C12E0753-C648-4C40-A0CC-99E62F8A256F}.Debug|x86.ActiveCfg = Debug|iPhone
		{C12E0753-C648-4C40-A0CC-99E62F8A256F}.Release|Any CPU.ActiveCfg = Release|iPhoneSimulator
		{C12E0753-C648-4C40-A0CC-99E62F8A256F}.Release|ARM.ActiveCfg = Release|iPhone
		{C12E0753-C648-4C40-A0CC-99E62F8A256F}.Release|iPhone.ActiveCfg = Release|iPhone
		{C12E0753-C648-4C40-A0CC-99E62F8A256F}.Release|iPhone.Build.0 = Release|iPhone
		{C12E0753-C648-4C40-A0CC-99E62F8A256F}.Release|iPhoneSimulator.ActiveCfg = Release|iPhoneSimulator
		{C12E0753-C648-4C40-A0CC-99E62F8A256F}.Release|iPhoneSimulator.Build.0 = Release|iPhoneSimulator
		{C12E0753-C648-4C40-A0CC-99E62F8A256F}.Release|x64.ActiveCfg = Release|iPhone
		{C12E0753-C648-4C40-A0CC-99E62F8A256F}.Release|x86.ActiveCfg = Release|iPhone
	EndGlobalSection
	GlobalSection(SolutionProperties) = preSolution
		HideSolutionNode = FALSE
	EndGlobalSection
	GlobalSection(ExtensibilityGlobals) = postSolution
		SolutionGuid = {F527876D-1897-412A-8B2A-897C0FEB110A}
	EndGlobalSection
EndGlobal
