
Microsoft Visual Studio Solution File, Format Version 12.00
# Visual Studio 15
VisualStudioVersion = 15.0.27004.2002
MinimumVisualStudioVersion = 10.0.40219.1
Project("{FAE04EC0-301F-11D3-BF4B-00C04F79EFBC}") = "AppWithGPS.Android", "AppWithGPS\AppWithGPS.Android\AppWithGPS.Android.csproj", "{4E04C130-53B6-4C92-96D0-013DE7F23F03}"
EndProject
Project("{FAE04EC0-301F-11D3-BF4B-00C04F79EFBC}") = "AppWithGPS", "AppWithGPS\AppWithGPS\AppWithGPS.csproj", "{02BF30D4-9730-42FF-A0E7-9D2B82D1AA72}"
EndProject
Project("{FAE04EC0-301F-11D3-BF4B-00C04F79EFBC}") = "AppWithGPS.iOS", "AppWithGPS\AppWithGPS.iOS\AppWithGPS.iOS.csproj", "{87719272-2453-4290-BB28-77709344ED88}"
EndProject
Global
	GlobalSection(SolutionConfigurationPlatforms) = preSolution
		Ad-Hoc|Any CPU = Ad-Hoc|Any CPU
		Ad-Hoc|ARM = Ad-Hoc|ARM
		Ad-Hoc|iPhone = Ad-Hoc|iPhone
		Ad-Hoc|iPhoneSimulator = Ad-Hoc|iPhoneSimulator
		Ad-Hoc|x64 = Ad-Hoc|x64
		Ad-Hoc|x86 = Ad-Hoc|x86
		AppStore|Any CPU = AppStore|Any CPU
		AppStore|ARM = AppStore|ARM
		AppStore|iPhone = AppStore|iPhone
		AppStore|iPhoneSimulator = AppStore|iPhoneSimulator
		AppStore|x64 = AppStore|x64
		AppStore|x86 = AppStore|x86
		Debug|Any CPU = Debug|Any CPU
		Debug|ARM = Debug|ARM
		Debug|iPhone = Debug|iPhone
		Debug|iPhoneSimulator = Debug|iPhoneSimulator
		Debug|x64 = Debug|x64
		Debug|x86 = Debug|x86
		Release|Any CPU = Release|Any CPU
		Release|ARM = Release|ARM
		Release|iPhone = Release|iPhone
		Release|iPhoneSimulator = Release|iPhoneSimulator
		Release|x64 = Release|x64
		Release|x86 = Release|x86
	EndGlobalSection
	GlobalSection(ProjectConfigurationPlatforms) = postSolution
		{4E04C130-53B6-4C92-96D0-013DE7F23F03}.Ad-Hoc|Any CPU.ActiveCfg = Release|Any CPU
		{4E04C130-53B6-4C92-96D0-013DE7F23F03}.Ad-Hoc|Any CPU.Build.0 = Release|Any CPU
		{4E04C130-53B6-4C92-96D0-013DE7F23F03}.Ad-Hoc|Any CPU.Deploy.0 = Release|Any CPU
		{4E04C130-53B6-4C92-96D0-013DE7F23F03}.Ad-Hoc|ARM.ActiveCfg = Release|Any CPU
		{4E04C130-53B6-4C92-96D0-013DE7F23F03}.Ad-Hoc|ARM.Build.0 = Release|Any CPU
		{4E04C130-53B6-4C92-96D0-013DE7F23F03}.Ad-Hoc|ARM.Deploy.0 = Release|Any CPU
		{4E04C130-53B6-4C92-96D0-013DE7F23F03}.Ad-Hoc|iPhone.ActiveCfg = Release|Any CPU
		{4E04C130-53B6-4C92-96D0-013DE7F23F03}.Ad-Hoc|iPhone.Build.0 = Release|Any CPU
		{4E04C130-53B6-4C92-96D0-013DE7F23F03}.Ad-Hoc|iPhone.Deploy.0 = Release|Any CPU
		{4E04C130-53B6-4C92-96D0-013DE7F23F03}.Ad-Hoc|iPhoneSimulator.ActiveCfg = Release|Any CPU
		{4E04C130-53B6-4C92-96D0-013DE7F23F03}.Ad-Hoc|iPhoneSimulator.Build.0 = Release|Any CPU
		{4E04C130-53B6-4C92-96D0-013DE7F23F03}.Ad-Hoc|iPhoneSimulator.Deploy.0 = Release|Any CPU
		{4E04C130-53B6-4C92-96D0-013DE7F23F03}.Ad-Hoc|x64.ActiveCfg = Release|Any CPU
		{4E04C130-53B6-4C92-96D0-013DE7F23F03}.Ad-Hoc|x64.Build.0 = Release|Any CPU
		{4E04C130-53B6-4C92-96D0-013DE7F23F03}.Ad-Hoc|x64.Deploy.0 = Release|Any CPU
		{4E04C130-53B6-4C92-96D0-013DE7F23F03}.Ad-Hoc|x86.ActiveCfg = Release|Any CPU
		{4E04C130-53B6-4C92-96D0-013DE7F23F03}.Ad-Hoc|x86.Build.0 = Release|Any CPU
		{4E04C130-53B6-4C92-96D0-013DE7F23F03}.Ad-Hoc|x86.Deploy.0 = Release|Any CPU
		{4E04C130-53B6-4C92-96D0-013DE7F23F03}.AppStore|Any CPU.ActiveCfg = Release|Any CPU
		{4E04C130-53B6-4C92-96D0-013DE7F23F03}.AppStore|Any CPU.Build.0 = Release|Any CPU
		{4E04C130-53B6-4C92-96D0-013DE7F23F03}.AppStore|Any CPU.Deploy.0 = Release|Any CPU
		{4E04C130-53B6-4C92-96D0-013DE7F23F03}.AppStore|ARM.ActiveCfg = Release|Any CPU
		{4E04C130-53B6-4C92-96D0-013DE7F23F03}.AppStore|ARM.Build.0 = Release|Any CPU
		{4E04C130-53B6-4C92-96D0-013DE7F23F03}.AppStore|ARM.Deploy.0 = Release|Any CPU
		{4E04C130-53B6-4C92-96D0-013DE7F23F03}.AppStore|iPhone.ActiveCfg = Release|Any CPU
		{4E04C130-53B6-4C92-96D0-013DE7F23F03}.AppStore|iPhone.Build.0 = Release|Any CPU
		{4E04C130-53B6-4C92-96D0-013DE7F23F03}.AppStore|iPhone.Deploy.0 = Release|Any CPU
		{4E04C130-53B6-4C92-96D0-013DE7F23F03}.AppStore|iPhoneSimulator.ActiveCfg = Release|Any CPU
		{4E04C130-53B6-4C92-96D0-013DE7F23F03}.AppStore|iPhoneSimulator.Build.0 = Release|Any CPU
		{4E04C130-53B6-4C92-96D0-013DE7F23F03}.AppStore|iPhoneSimulator.Deploy.0 = Release|Any CPU
		{4E04C130-53B6-4C92-96D0-013DE7F23F03}.AppStore|x64.ActiveCfg = Release|Any CPU
		{4E04C130-53B6-4C92-96D0-013DE7F23F03}.AppStore|x64.Build.0 = Release|Any CPU
		{4E04C130-53B6-4C92-96D0-013DE7F23F03}.AppStore|x64.Deploy.0 = Release|Any CPU
		{4E04C130-53B6-4C92-96D0-013DE7F23F03}.AppStore|x86.ActiveCfg = Release|Any CPU
		{4E04C130-53B6-4C92-96D0-013DE7F23F03}.AppStore|x86.Build.0 = Release|Any CPU
		{4E04C130-53B6-4C92-96D0-013DE7F23F03}.AppStore|x86.Deploy.0 = Release|Any CPU
		{4E04C130-53B6-4C92-96D0-013DE7F23F03}.Debug|Any CPU.ActiveCfg = Debug|Any CPU
		{4E04C130-53B6-4C92-96D0-013DE7F23F03}.Debug|Any CPU.Build.0 = Debug|Any CPU
		{4E04C130-53B6-4C92-96D0-013DE7F23F03}.Debug|Any CPU.Deploy.0 = Debug|Any CPU
		{4E04C130-53B6-4C92-96D0-013DE7F23F03}.Debug|ARM.ActiveCfg = Debug|Any CPU
		{4E04C130-53B6-4C92-96D0-013DE7F23F03}.Debug|ARM.Build.0 = Debug|Any CPU
		{4E04C130-53B6-4C92-96D0-013DE7F23F03}.Debug|ARM.Deploy.0 = Debug|Any CPU
		{4E04C130-53B6-4C92-96D0-013DE7F23F03}.Debug|iPhone.ActiveCfg = Debug|Any CPU
		{4E04C130-53B6-4C92-96D0-013DE7F23F03}.Debug|iPhone.Build.0 = Debug|Any CPU
		{4E04C130-53B6-4C92-96D0-013DE7F23F03}.Debug|iPhone.Deploy.0 = Debug|Any CPU
		{4E04C130-53B6-4C92-96D0-013DE7F23F03}.Debug|iPhoneSimulator.ActiveCfg = Debug|Any CPU
		{4E04C130-53B6-4C92-96D0-013DE7F23F03}.Debug|iPhoneSimulator.Build.0 = Debug|Any CPU
		{4E04C130-53B6-4C92-96D0-013DE7F23F03}.Debug|iPhoneSimulator.Deploy.0 = Debug|Any CPU
		{4E04C130-53B6-4C92-96D0-013DE7F23F03}.Debug|x64.ActiveCfg = Debug|Any CPU
		{4E04C130-53B6-4C92-96D0-013DE7F23F03}.Debug|x64.Build.0 = Debug|Any CPU
		{4E04C130-53B6-4C92-96D0-013DE7F23F03}.Debug|x64.Deploy.0 = Debug|Any CPU
		{4E04C130-53B6-4C92-96D0-013DE7F23F03}.Debug|x86.ActiveCfg = Debug|Any CPU
		{4E04C130-53B6-4C92-96D0-013DE7F23F03}.Debug|x86.Build.0 = Debug|Any CPU
		{4E04C130-53B6-4C92-96D0-013DE7F23F03}.Debug|x86.Deploy.0 = Debug|Any CPU
		{4E04C130-53B6-4C92-96D0-013DE7F23F03}.Release|Any CPU.ActiveCfg = Release|Any CPU
		{4E04C130-53B6-4C92-96D0-013DE7F23F03}.Release|Any CPU.Build.0 = Release|Any CPU
		{4E04C130-53B6-4C92-96D0-013DE7F23F03}.Release|Any CPU.Deploy.0 = Release|Any CPU
		{4E04C130-53B6-4C92-96D0-013DE7F23F03}.Release|ARM.ActiveCfg = Release|Any CPU
		{4E04C130-53B6-4C92-96D0-013DE7F23F03}.Release|ARM.Build.0 = Release|Any CPU
		{4E04C130-53B6-4C92-96D0-013DE7F23F03}.Release|ARM.Deploy.0 = Release|Any CPU
		{4E04C130-53B6-4C92-96D0-013DE7F23F03}.Release|iPhone.ActiveCfg = Release|Any CPU
		{4E04C130-53B6-4C92-96D0-013DE7F23F03}.Release|iPhone.Build.0 = Release|Any CPU
		{4E04C130-53B6-4C92-96D0-013DE7F23F03}.Release|iPhone.Deploy.0 = Release|Any CPU
		{4E04C130-53B6-4C92-96D0-013DE7F23F03}.Release|iPhoneSimulator.ActiveCfg = Release|Any CPU
		{4E04C130-53B6-4C92-96D0-013DE7F23F03}.Release|iPhoneSimulator.Build.0 = Release|Any CPU
		{4E04C130-53B6-4C92-96D0-013DE7F23F03}.Release|iPhoneSimulator.Deploy.0 = Release|Any CPU
		{4E04C130-53B6-4C92-96D0-013DE7F23F03}.Release|x64.ActiveCfg = Release|Any CPU
		{4E04C130-53B6-4C92-96D0-013DE7F23F03}.Release|x64.Build.0 = Release|Any CPU
		{4E04C130-53B6-4C92-96D0-013DE7F23F03}.Release|x64.Deploy.0 = Release|Any CPU
		{4E04C130-53B6-4C92-96D0-013DE7F23F03}.Release|x86.ActiveCfg = Release|Any CPU
		{4E04C130-53B6-4C92-96D0-013DE7F23F03}.Release|x86.Build.0 = Release|Any CPU
		{4E04C130-53B6-4C92-96D0-013DE7F23F03}.Release|x86.Deploy.0 = Release|Any CPU
		{02BF30D4-9730-42FF-A0E7-9D2B82D1AA72}.Ad-Hoc|Any CPU.ActiveCfg = Release|Any CPU
		{02BF30D4-9730-42FF-A0E7-9D2B82D1AA72}.Ad-Hoc|Any CPU.Build.0 = Release|Any CPU
		{02BF30D4-9730-42FF-A0E7-9D2B82D1AA72}.Ad-Hoc|ARM.ActiveCfg = Release|Any CPU
		{02BF30D4-9730-42FF-A0E7-9D2B82D1AA72}.Ad-Hoc|ARM.Build.0 = Release|Any CPU
		{02BF30D4-9730-42FF-A0E7-9D2B82D1AA72}.Ad-Hoc|iPhone.ActiveCfg = Release|Any CPU
		{02BF30D4-9730-42FF-A0E7-9D2B82D1AA72}.Ad-Hoc|iPhone.Build.0 = Release|Any CPU
		{02BF30D4-9730-42FF-A0E7-9D2B82D1AA72}.Ad-Hoc|iPhoneSimulator.ActiveCfg = Release|Any CPU
		{02BF30D4-9730-42FF-A0E7-9D2B82D1AA72}.Ad-Hoc|iPhoneSimulator.Build.0 = Release|Any CPU
		{02BF30D4-9730-42FF-A0E7-9D2B82D1AA72}.Ad-Hoc|x64.ActiveCfg = Release|Any CPU
		{02BF30D4-9730-42FF-A0E7-9D2B82D1AA72}.Ad-Hoc|x64.Build.0 = Release|Any CPU
		{02BF30D4-9730-42FF-A0E7-9D2B82D1AA72}.Ad-Hoc|x86.ActiveCfg = Release|Any CPU
		{02BF30D4-9730-42FF-A0E7-9D2B82D1AA72}.Ad-Hoc|x86.Build.0 = Release|Any CPU
		{02BF30D4-9730-42FF-A0E7-9D2B82D1AA72}.AppStore|Any CPU.ActiveCfg = Release|Any CPU
		{02BF30D4-9730-42FF-A0E7-9D2B82D1AA72}.AppStore|Any CPU.Build.0 = Release|Any CPU
		{02BF30D4-9730-42FF-A0E7-9D2B82D1AA72}.AppStore|ARM.ActiveCfg = Release|Any CPU
		{02BF30D4-9730-42FF-A0E7-9D2B82D1AA72}.AppStore|ARM.Build.0 = Release|Any CPU
		{02BF30D4-9730-42FF-A0E7-9D2B82D1AA72}.AppStore|iPhone.ActiveCfg = Release|Any CPU
		{02BF30D4-9730-42FF-A0E7-9D2B82D1AA72}.AppStore|iPhone.Build.0 = Release|Any CPU
		{02BF30D4-9730-42FF-A0E7-9D2B82D1AA72}.AppStore|iPhoneSimulator.ActiveCfg = Release|Any CPU
		{02BF30D4-9730-42FF-A0E7-9D2B82D1AA72}.AppStore|iPhoneSimulator.Build.0 = Release|Any CPU
		{02BF30D4-9730-42FF-A0E7-9D2B82D1AA72}.AppStore|x64.ActiveCfg = Release|Any CPU
		{02BF30D4-9730-42FF-A0E7-9D2B82D1AA72}.AppStore|x64.Build.0 = Release|Any CPU
		{02BF30D4-9730-42FF-A0E7-9D2B82D1AA72}.AppStore|x86.ActiveCfg = Release|Any CPU
		{02BF30D4-9730-42FF-A0E7-9D2B82D1AA72}.AppStore|x86.Build.0 = Release|Any CPU
		{02BF30D4-9730-42FF-A0E7-9D2B82D1AA72}.Debug|Any CPU.ActiveCfg = Debug|Any CPU
		{02BF30D4-9730-42FF-A0E7-9D2B82D1AA72}.Debug|Any CPU.Build.0 = Debug|Any CPU
		{02BF30D4-9730-42FF-A0E7-9D2B82D1AA72}.Debug|ARM.ActiveCfg = Debug|Any CPU
		{02BF30D4-9730-42FF-A0E7-9D2B82D1AA72}.Debug|ARM.Build.0 = Debug|Any CPU
		{02BF30D4-9730-42FF-A0E7-9D2B82D1AA72}.Debug|iPhone.ActiveCfg = Debug|Any CPU
		{02BF30D4-9730-42FF-A0E7-9D2B82D1AA72}.Debug|iPhone.Build.0 = Debug|Any CPU
		{02BF30D4-9730-42FF-A0E7-9D2B82D1AA72}.Debug|iPhoneSimulator.ActiveCfg = Debug|Any CPU
		{02BF30D4-9730-42FF-A0E7-9D2B82D1AA72}.Debug|iPhoneSimulator.Build.0 = Debug|Any CPU
		{02BF30D4-9730-42FF-A0E7-9D2B82D1AA72}.Debug|x64.ActiveCfg = Debug|Any CPU
		{02BF30D4-9730-42FF-A0E7-9D2B82D1AA72}.Debug|x64.Build.0 = Debug|Any CPU
		{02BF30D4-9730-42FF-A0E7-9D2B82D1AA72}.Debug|x86.ActiveCfg = Debug|Any CPU
		{02BF30D4-9730-42FF-A0E7-9D2B82D1AA72}.Debug|x86.Build.0 = Debug|Any CPU
		{02BF30D4-9730-42FF-A0E7-9D2B82D1AA72}.Release|Any CPU.ActiveCfg = Release|Any CPU
		{02BF30D4-9730-42FF-A0E7-9D2B82D1AA72}.Release|Any CPU.Build.0 = Release|Any CPU
		{02BF30D4-9730-42FF-A0E7-9D2B82D1AA72}.Release|ARM.ActiveCfg = Release|Any CPU
		{02BF30D4-9730-42FF-A0E7-9D2B82D1AA72}.Release|ARM.Build.0 = Release|Any CPU
		{02BF30D4-9730-42FF-A0E7-9D2B82D1AA72}.Release|iPhone.ActiveCfg = Release|Any CPU
		{02BF30D4-9730-42FF-A0E7-9D2B82D1AA72}.Release|iPhone.Build.0 = Release|Any CPU
		{02BF30D4-9730-42FF-A0E7-9D2B82D1AA72}.Release|iPhoneSimulator.ActiveCfg = Release|Any CPU
		{02BF30D4-9730-42FF-A0E7-9D2B82D1AA72}.Release|iPhoneSimulator.Build.0 = Release|Any CPU
		{02BF30D4-9730-42FF-A0E7-9D2B82D1AA72}.Release|x64.ActiveCfg = Release|Any CPU
		{02BF30D4-9730-42FF-A0E7-9D2B82D1AA72}.Release|x64.Build.0 = Release|Any CPU
		{02BF30D4-9730-42FF-A0E7-9D2B82D1AA72}.Release|x86.ActiveCfg = Release|Any CPU
		{02BF30D4-9730-42FF-A0E7-9D2B82D1AA72}.Release|x86.Build.0 = Release|Any CPU
		{87719272-2453-4290-BB28-77709344ED88}.Ad-Hoc|Any CPU.ActiveCfg = Ad-Hoc|iPhoneSimulator
		{87719272-2453-4290-BB28-77709344ED88}.Ad-Hoc|ARM.ActiveCfg = Ad-Hoc|iPhone
		{87719272-2453-4290-BB28-77709344ED88}.Ad-Hoc|iPhone.ActiveCfg = Ad-Hoc|iPhone
		{87719272-2453-4290-BB28-77709344ED88}.Ad-Hoc|iPhone.Build.0 = Ad-Hoc|iPhone
		{87719272-2453-4290-BB28-77709344ED88}.Ad-Hoc|iPhoneSimulator.ActiveCfg = Ad-Hoc|iPhoneSimulator
		{87719272-2453-4290-BB28-77709344ED88}.Ad-Hoc|iPhoneSimulator.Build.0 = Ad-Hoc|iPhoneSimulator
		{87719272-2453-4290-BB28-77709344ED88}.Ad-Hoc|x64.ActiveCfg = Ad-Hoc|iPhone
		{87719272-2453-4290-BB28-77709344ED88}.Ad-Hoc|x86.ActiveCfg = Ad-Hoc|iPhone
		{87719272-2453-4290-BB28-77709344ED88}.AppStore|Any CPU.ActiveCfg = AppStore|iPhoneSimulator
		{87719272-2453-4290-BB28-77709344ED88}.AppStore|ARM.ActiveCfg = AppStore|iPhone
		{87719272-2453-4290-BB28-77709344ED88}.AppStore|iPhone.ActiveCfg = AppStore|iPhone
		{87719272-2453-4290-BB28-77709344ED88}.AppStore|iPhone.Build.0 = AppStore|iPhone
		{87719272-2453-4290-BB28-77709344ED88}.AppStore|iPhoneSimulator.ActiveCfg = AppStore|iPhoneSimulator
		{87719272-2453-4290-BB28-77709344ED88}.AppStore|iPhoneSimulator.Build.0 = AppStore|iPhoneSimulator
		{87719272-2453-4290-BB28-77709344ED88}.AppStore|x64.ActiveCfg = AppStore|iPhone
		{87719272-2453-4290-BB28-77709344ED88}.AppStore|x86.ActiveCfg = AppStore|iPhone
		{87719272-2453-4290-BB28-77709344ED88}.Debug|Any CPU.ActiveCfg = Debug|iPhoneSimulator
		{87719272-2453-4290-BB28-77709344ED88}.Debug|ARM.ActiveCfg = Debug|iPhone
		{87719272-2453-4290-BB28-77709344ED88}.Debug|iPhone.ActiveCfg = Debug|iPhone
		{87719272-2453-4290-BB28-77709344ED88}.Debug|iPhone.Build.0 = Debug|iPhone
		{87719272-2453-4290-BB28-77709344ED88}.Debug|iPhoneSimulator.ActiveCfg = Debug|iPhoneSimulator
		{87719272-2453-4290-BB28-77709344ED88}.Debug|iPhoneSimulator.Build.0 = Debug|iPhoneSimulator
		{87719272-2453-4290-BB28-77709344ED88}.Debug|x64.ActiveCfg = Debug|iPhone
		{87719272-2453-4290-BB28-77709344ED88}.Debug|x86.ActiveCfg = Debug|iPhone
		{87719272-2453-4290-BB28-77709344ED88}.Release|Any CPU.ActiveCfg = Release|iPhoneSimulator
		{87719272-2453-4290-BB28-77709344ED88}.Release|ARM.ActiveCfg = Release|iPhone
		{87719272-2453-4290-BB28-77709344ED88}.Release|iPhone.ActiveCfg = Release|iPhone
		{87719272-2453-4290-BB28-77709344ED88}.Release|iPhone.Build.0 = Release|iPhone
		{87719272-2453-4290-BB28-77709344ED88}.Release|iPhoneSimulator.ActiveCfg = Release|iPhoneSimulator
		{87719272-2453-4290-BB28-77709344ED88}.Release|iPhoneSimulator.Build.0 = Release|iPhoneSimulator
		{87719272-2453-4290-BB28-77709344ED88}.Release|x64.ActiveCfg = Release|iPhone
		{87719272-2453-4290-BB28-77709344ED88}.Release|x86.ActiveCfg = Release|iPhone
	EndGlobalSection
	GlobalSection(SolutionProperties) = preSolution
		HideSolutionNode = FALSE
	EndGlobalSection
	GlobalSection(ExtensibilityGlobals) = postSolution
		SolutionGuid = {CA644C89-BF9E-4B4A-A099-B778C28F45C1}
	EndGlobalSection
EndGlobal
